// !$*UTF8*$!
{
	archiveVersion = 1;
	classes = {
	};
	objectVersion = 46;
	objects = {

/* Begin PBXBuildFile section */
		8D11072A0486CEB800E47090 /* MainMenu.nib in Resources */ = {isa = PBXBuildFile; fileRef = 29B97318FDCFA39411CA2CEA /* MainMenu.nib */; };
		8D11072B0486CEB800E47090 /* InfoPlist.strings in Resources */ = {isa = PBXBuildFile; fileRef = 089C165CFE840E0CC02AAC07 /* InfoPlist.strings */; };
		8D11072F0486CEB800E47090 /* Cocoa.framework in Frameworks */ = {isa = PBXBuildFile; fileRef = 1058C7A1FEA54F0111CA2CBB /* Cocoa.framework */; };
		EEA3D33F208B25A9004CB227 /* COPYING in Resources */ = {isa = PBXBuildFile; fileRef = EEA3D310208B25A9004CB227 /* COPYING */; };
		EEA3D341208B25A9004CB227 /* main.levelpack.json in Resources */ = {isa = PBXBuildFile; fileRef = EEA3D314208B25A9004CB227 /* main.levelpack.json */; };
		EEA3D342208B25A9004CB227 /* form.m in Sources */ = {isa = PBXBuildFile; fileRef = EEA3D315208B25A9004CB227 /* form.m */; };
		EEA3D345208B25A9004CB227 /* qtmaze.html in Resources */ = {isa = PBXBuildFile; fileRef = EEA3D31C208B25A9004CB227 /* qtmaze.html */; };
		EEA3D347208B25A9004CB227 /* main.m in Sources */ = {isa = PBXBuildFile; fileRef = EEA3D31F208B25A9004CB227 /* main.m */; };
		EEA3D348208B25A9004CB227 /* paramsloader.m in Sources */ = {isa = PBXBuildFile; fileRef = EEA3D320208B25A9004CB227 /* paramsloader.m */; };
		EEA3D349208B25A9004CB227 /* ball-shadow.png in Resources */ = {isa = PBXBuildFile; fileRef = EEA3D324208B25A9004CB227 /* ball-shadow.png */; };
		EEA3D34A208B25A9004CB227 /* ball.png in Resources */ = {isa = PBXBuildFile; fileRef = EEA3D325208B25A9004CB227 /* ball.png */; };
		EEA3D34B208B25A9004CB227 /* close.png in Resources */ = {isa = PBXBuildFile; fileRef = EEA3D326208B25A9004CB227 /* close.png */; };
		EEA3D34C208B25A9004CB227 /* desk.png in Resources */ = {isa = PBXBuildFile; fileRef = EEA3D327208B25A9004CB227 /* desk.png */; };
		EEA3D34D208B25A9004CB227 /* fin.png in Resources */ = {isa = PBXBuildFile; fileRef = EEA3D328208B25A9004CB227 /* fin.png */; };
		EEA3D34E208B25A9004CB227 /* hole.png in Resources */ = {isa = PBXBuildFile; fileRef = EEA3D329208B25A9004CB227 /* hole.png */; };
		EEA3D34F208B25A9004CB227 /* next-i.png in Resources */ = {isa = PBXBuildFile; fileRef = EEA3D32A208B25A9004CB227 /* next-i.png */; };
		EEA3D350208B25A9004CB227 /* next-p.png in Resources */ = {isa = PBXBuildFile; fileRef = EEA3D32B208B25A9004CB227 /* next-p.png */; };
		EEA3D351208B25A9004CB227 /* next.png in Resources */ = {isa = PBXBuildFile; fileRef = EEA3D32C208B25A9004CB227 /* next.png */; };
		EEA3D352208B25A9004CB227 /* prev-i.png in Resources */ = {isa = PBXBuildFile; fileRef = EEA3D32D208B25A9004CB227 /* prev-i.png */; };
		EEA3D353208B25A9004CB227 /* prev-p.png in Resources */ = {isa = PBXBuildFile; fileRef = EEA3D32E208B25A9004CB227 /* prev-p.png */; };
		EEA3D354208B25A9004CB227 /* prev.png in Resources */ = {isa = PBXBuildFile; fileRef = EEA3D32F208B25A9004CB227 /* prev.png */; };
		EEA3D355208B25A9004CB227 /* qtmaze.png in Resources */ = {isa = PBXBuildFile; fileRef = EEA3D330208B25A9004CB227 /* qtmaze.png */; };
		EEA3D356208B25A9004CB227 /* reset-i.png in Resources */ = {isa = PBXBuildFile; fileRef = EEA3D331208B25A9004CB227 /* reset-i.png */; };
		EEA3D357208B25A9004CB227 /* reset-p.png in Resources */ = {isa = PBXBuildFile; fileRef = EEA3D332208B25A9004CB227 /* reset-p.png */; };
		EEA3D358208B25A9004CB227 /* reset.png in Resources */ = {isa = PBXBuildFile; fileRef = EEA3D333208B25A9004CB227 /* reset.png */; };
		EEA3D359208B25A9004CB227 /* wall.png in Resources */ = {isa = PBXBuildFile; fileRef = EEA3D334208B25A9004CB227 /* wall.png */; };
		EEA3D35D208B25AA004CB227 /* README in Resources */ = {isa = PBXBuildFile; fileRef = EEA3D338208B25A9004CB227 /* README */; };
		EEA3D35E208B25AA004CB227 /* renderarea.m in Sources */ = {isa = PBXBuildFile; fileRef = EEA3D339208B25A9004CB227 /* renderarea.m */; };
		EEA3D360208B25AA004CB227 /* vibro.m in Sources */ = {isa = PBXBuildFile; fileRef = EEA3D33D208B25A9004CB227 /* vibro.m */; };
/* End PBXBuildFile section */

/* Begin PBXFileReference section */
		089C165DFE840E0CC02AAC07 /* English */ = {isa = PBXFileReference; fileEncoding = 10; lastKnownFileType = text.plist.strings; name = English; path = English.lproj/InfoPlist.strings; sourceTree = "<group>"; };
		1058C7A1FEA54F0111CA2CBB /* Cocoa.framework */ = {isa = PBXFileReference; lastKnownFileType = wrapper.framework; name = Cocoa.framework; path = /System/Library/Frameworks/Cocoa.framework; sourceTree = "<absolute>"; };
		29B97319FDCFA39411CA2CEA /* English */ = {isa = PBXFileReference; lastKnownFileType = wrapper.nib; name = English; path = English.lproj/MainMenu.nib; sourceTree = "<group>"; };
		834B13810795DD1F00E4BF6C /* WebKit.framework */ = {isa = PBXFileReference; lastKnownFileType = wrapper.framework; name = WebKit.framework; path = /System/Library/Frameworks/WebKit.framework; sourceTree = "<absolute>"; };
		8D1107310486CEB800E47090 /* Info.plist */ = {isa = PBXFileReference; fileEncoding = 4; lastKnownFileType = text.plist; path = Info.plist; sourceTree = "<group>"; };
		8D1107320486CEB800E47090 /* MokoMaze.app */ = {isa = PBXFileReference; explicitFileType = wrapper.application; includeInIndex = 0; path = MokoMaze.app; sourceTree = BUILT_PRODUCTS_DIR; };
		EEA3D30E208B2567004CB227 /* MokoMaze.qcodeproj */ = {isa = PBXFileReference; lastKnownFileType = text.script.sh; path = MokoMaze.qcodeproj; sourceTree = "<group>"; };
		EEA3D310208B25A9004CB227 /* COPYING */ = {isa = PBXFileReference; fileEncoding = 4; lastKnownFileType = text; path = COPYING; sourceTree = "<group>"; };
		EEA3D314208B25A9004CB227 /* main.levelpack.json */ = {isa = PBXFileReference; fileEncoding = 4; lastKnownFileType = text.json; path = main.levelpack.json; sourceTree = "<group>"; };
		EEA3D315208B25A9004CB227 /* form.m */ = {isa = PBXFileReference; fileEncoding = 4; lastKnownFileType = sourcecode.c.objc; name = form.m; path = src/form.m; sourceTree = "<group>"; };
		EEA3D316208B25A9004CB227 /* form.h */ = {isa = PBXFileReference; fileEncoding = 4; lastKnownFileType = sourcecode.c.h; name = form.h; path = src/form.h; sourceTree = "<group>"; };
		EEA3D31C208B25A9004CB227 /* qtmaze.html */ = {isa = PBXFileReference; fileEncoding = 4; lastKnownFileType = text.html; path = qtmaze.html; sourceTree = "<group>"; };
		EEA3D31F208B25A9004CB227 /* main.m */ = {isa = PBXFileReference; fileEncoding = 4; lastKnownFileType = sourcecode.c.objc; name = main.m; path = src/main.m; sourceTree = "<group>"; };
		EEA3D320208B25A9004CB227 /* paramsloader.m */ = {isa = PBXFileReference; fileEncoding = 4; lastKnownFileType = sourcecode.c.objc; name = paramsloader.m; path = src/paramsloader.m; sourceTree = "<group>"; };
		EEA3D321208B25A9004CB227 /* paramsloader.h */ = {isa = PBXFileReference; fileEncoding = 4; lastKnownFileType = sourcecode.c.h; name = paramsloader.h; path = src/paramsloader.h; sourceTree = "<group>"; };
		EEA3D324208B25A9004CB227 /* ball-shadow.png */ = {isa = PBXFileReference; lastKnownFileType = image.png; path = "ball-shadow.png"; sourceTree = "<group>"; };
		EEA3D325208B25A9004CB227 /* ball.png */ = {isa = PBXFileReference; lastKnownFileType = image.png; path = ball.png; sourceTree = "<group>"; };
		EEA3D326208B25A9004CB227 /* close.png */ = {isa = PBXFileReference; lastKnownFileType = image.png; path = close.png; sourceTree = "<group>"; };
		EEA3D327208B25A9004CB227 /* desk.png */ = {isa = PBXFileReference; lastKnownFileType = image.png; path = desk.png; sourceTree = "<group>"; };
		EEA3D328208B25A9004CB227 /* fin.png */ = {isa = PBXFileReference; lastKnownFileType = image.png; path = fin.png; sourceTree = "<group>"; };
		EEA3D329208B25A9004CB227 /* hole.png */ = {isa = PBXFileReference; lastKnownFileType = image.png; path = hole.png; sourceTree = "<group>"; };
		EEA3D32A208B25A9004CB227 /* next-i.png */ = {isa = PBXFileReference; lastKnownFileType = image.png; path = "next-i.png"; sourceTree = "<group>"; };
		EEA3D32B208B25A9004CB227 /* next-p.png */ = {isa = PBXFileReference; lastKnownFileType = image.png; path = "next-p.png"; sourceTree = "<group>"; };
		EEA3D32C208B25A9004CB227 /* next.png */ = {isa = PBXFileReference; lastKnownFileType = image.png; path = next.png; sourceTree = "<group>"; };
		EEA3D32D208B25A9004CB227 /* prev-i.png */ = {isa = PBXFileReference; lastKnownFileType = image.png; path = "prev-i.png"; sourceTree = "<group>"; };
		EEA3D32E208B25A9004CB227 /* prev-p.png */ = {isa = PBXFileReference; lastKnownFileType = image.png; path = "prev-p.png"; sourceTree = "<group>"; };
		EEA3D32F208B25A9004CB227 /* prev.png */ = {isa = PBXFileReference; lastKnownFileType = image.png; path = prev.png; sourceTree = "<group>"; };
		EEA3D330208B25A9004CB227 /* qtmaze.png */ = {isa = PBXFileReference; lastKnownFileType = image.png; path = qtmaze.png; sourceTree = "<group>"; };
		EEA3D331208B25A9004CB227 /* reset-i.png */ = {isa = PBXFileReference; lastKnownFileType = image.png; path = "reset-i.png"; sourceTree = "<group>"; };
		EEA3D332208B25A9004CB227 /* reset-p.png */ = {isa = PBXFileReference; lastKnownFileType = image.png; path = "reset-p.png"; sourceTree = "<group>"; };
		EEA3D333208B25A9004CB227 /* reset.png */ = {isa = PBXFileReference; lastKnownFileType = image.png; path = reset.png; sourceTree = "<group>"; };
		EEA3D334208B25A9004CB227 /* wall.png */ = {isa = PBXFileReference; lastKnownFileType = image.png; path = wall.png; sourceTree = "<group>"; };
		EEA3D338208B25A9004CB227 /* README */ = {isa = PBXFileReference; fileEncoding = 4; lastKnownFileType = text; path = README; sourceTree = "<group>"; };
		EEA3D339208B25A9004CB227 /* renderarea.m */ = {isa = PBXFileReference; fileEncoding = 4; lastKnownFileType = sourcecode.c.objc; name = renderarea.m; path = src/renderarea.m; sourceTree = "<group>"; };
		EEA3D33A208B25A9004CB227 /* renderarea.h */ = {isa = PBXFileReference; fileEncoding = 4; lastKnownFileType = sourcecode.c.h; name = renderarea.h; path = src/renderarea.h; sourceTree = "<group>"; };
		EEA3D33C208B25A9004CB227 /* types.h */ = {isa = PBXFileReference; fileEncoding = 4; lastKnownFileType = sourcecode.c.h; name = types.h; path = src/types.h; sourceTree = "<group>"; };
		EEA3D33D208B25A9004CB227 /* vibro.m */ = {isa = PBXFileReference; fileEncoding = 4; lastKnownFileType = sourcecode.c.objc; name = vibro.m; path = src/vibro.m; sourceTree = "<group>"; };
		EEA3D33E208B25A9004CB227 /* vibro.h */ = {isa = PBXFileReference; fileEncoding = 4; lastKnownFileType = sourcecode.c.h; name = vibro.h; path = src/vibro.h; sourceTree = "<group>"; };
		EEA6A096174BDE7900F4FBFA /* mySTEP.make */ = {isa = PBXFileReference; fileEncoding = 4; lastKnownFileType = text; name = mySTEP.make; path = ../../../Frameworks/mySTEP.make; sourceTree = SOURCE_ROOT; };
/* End PBXFileReference section */

/* Begin PBXFrameworksBuildPhase section */
		8D11072E0486CEB800E47090 /* Frameworks */ = {
			isa = PBXFrameworksBuildPhase;
			buildActionMask = 2147483647;
			files = (
				8D11072F0486CEB800E47090 /* Cocoa.framework in Frameworks */,
			);
			runOnlyForDeploymentPostprocessing = 0;
		};
/* End PBXFrameworksBuildPhase section */

/* Begin PBXGroup section */
		080E96DDFE201D6D7F000001 /* Classes */ = {
			isa = PBXGroup;
			children = (
				EEA3D310208B25A9004CB227 /* COPYING */,
				EEA3D338208B25A9004CB227 /* README */,
				EEA3D316208B25A9004CB227 /* form.h */,
				EEA3D315208B25A9004CB227 /* form.m */,
				EEA3D31F208B25A9004CB227 /* main.m */,
				EEA3D321208B25A9004CB227 /* paramsloader.h */,
				EEA3D320208B25A9004CB227 /* paramsloader.m */,
				EEA3D33A208B25A9004CB227 /* renderarea.h */,
				EEA3D339208B25A9004CB227 /* renderarea.m */,
				EEA3D33C208B25A9004CB227 /* types.h */,
				EEA3D33E208B25A9004CB227 /* vibro.h */,
				EEA3D33D208B25A9004CB227 /* vibro.m */,
			);
			name = Classes;
			sourceTree = "<group>";
		};
		19C28FACFE9D520D11CA2CBB /* Products */ = {
			isa = PBXGroup;
			children = (
				8D1107320486CEB800E47090 /* MokoMaze.app */,
			);
			name = Products;
			sourceTree = "<group>";
		};
		29B97314FDCFA39411CA2CEA /* MiniBrowser */ = {
			isa = PBXGroup;
			children = (
				EEA6A096174BDE7900F4FBFA /* mySTEP.make */,
				EEA3D30E208B2567004CB227 /* MokoMaze.qcodeproj */,
				080E96DDFE201D6D7F000001 /* Classes */,
				29B97317FDCFA39411CA2CEA /* Resources */,
				29B97323FDCFA39411CA2CEA /* Frameworks */,
				19C28FACFE9D520D11CA2CBB /* Products */,
			);
			name = MiniBrowser;
			sourceTree = "<group>";
		};
		29B97317FDCFA39411CA2CEA /* Resources */ = {
			isa = PBXGroup;
			children = (
				EEA3D312208B25A9004CB227 /* etc */,
				EEA3D31A208B25A9004CB227 /* help */,
				EEA3D323208B25A9004CB227 /* pics */,
				29B97318FDCFA39411CA2CEA /* MainMenu.nib */,
				8D1107310486CEB800E47090 /* Info.plist */,
				089C165CFE840E0CC02AAC07 /* InfoPlist.strings */,
			);
			name = Resources;
			sourceTree = "<group>";
		};
		29B97323FDCFA39411CA2CEA /* Frameworks */ = {
			isa = PBXGroup;
			children = (
				834B13810795DD1F00E4BF6C /* WebKit.framework */,
				1058C7A1FEA54F0111CA2CBB /* Cocoa.framework */,
			);
			name = Frameworks;
			sourceTree = "<group>";
		};
		EEA3D312208B25A9004CB227 /* etc */ = {
			isa = PBXGroup;
			children = (
				EEA3D314208B25A9004CB227 /* main.levelpack.json */,
			);
			name = etc;
			path = src/etc/qtmaze;
			sourceTree = "<group>";
		};
		EEA3D31A208B25A9004CB227 /* help */ = {
			isa = PBXGroup;
			children = (
				EEA3D31B208B25A9004CB227 /* html */,
			);
			name = help;
			path = src/help;
			sourceTree = "<group>";
		};
		EEA3D31B208B25A9004CB227 /* html */ = {
			isa = PBXGroup;
			children = (
				EEA3D31C208B25A9004CB227 /* qtmaze.html */,
			);
			path = html;
			sourceTree = "<group>";
		};
		EEA3D323208B25A9004CB227 /* pics */ = {
			isa = PBXGroup;
			children = (
				EEA3D324208B25A9004CB227 /* ball-shadow.png */,
				EEA3D325208B25A9004CB227 /* ball.png */,
				EEA3D326208B25A9004CB227 /* close.png */,
				EEA3D327208B25A9004CB227 /* desk.png */,
				EEA3D328208B25A9004CB227 /* fin.png */,
				EEA3D329208B25A9004CB227 /* hole.png */,
				EEA3D32A208B25A9004CB227 /* next-i.png */,
				EEA3D32B208B25A9004CB227 /* next-p.png */,
				EEA3D32C208B25A9004CB227 /* next.png */,
				EEA3D32D208B25A9004CB227 /* prev-i.png */,
				EEA3D32E208B25A9004CB227 /* prev-p.png */,
				EEA3D32F208B25A9004CB227 /* prev.png */,
				EEA3D330208B25A9004CB227 /* qtmaze.png */,
				EEA3D331208B25A9004CB227 /* reset-i.png */,
				EEA3D332208B25A9004CB227 /* reset-p.png */,
				EEA3D333208B25A9004CB227 /* reset.png */,
				EEA3D334208B25A9004CB227 /* wall.png */,
			);
			name = pics;
			path = src/pics/qtmaze;
			sourceTree = "<group>";
		};
/* End PBXGroup section */

/* Begin PBXNativeTarget section */
		8D1107260486CEB800E47090 /* MokoMaze */ = {
			isa = PBXNativeTarget;
			buildConfigurationList = 149C297908902C52008A9EFC /* Build configuration list for PBXNativeTarget "MokoMaze" */;
			buildPhases = (
				8D1107290486CEB800E47090 /* Resources */,
				8D11072C0486CEB800E47090 /* Sources */,
				8D11072E0486CEB800E47090 /* Frameworks */,
				EE4C2E5F0B87386C0027F725 /* ShellScript */,
			);
			buildRules = (
			);
			dependencies = (
			);
			name = MokoMaze;
			productInstallPath = "$(HOME)/Applications";
			productName = MiniBrowser;
			productReference = 8D1107320486CEB800E47090 /* MokoMaze.app */;
			productType = "com.apple.product-type.application";
		};
/* End PBXNativeTarget section */

/* Begin PBXProject section */
		29B97313FDCFA39411CA2CEA /* Project object */ = {
			isa = PBXProject;
			attributes = {
				LastUpgradeCheck = 0820;
			};
			buildConfigurationList = 149C297D08902C52008A9EFC /* Build configuration list for PBXProject "MokoMaze" */;
			compatibilityVersion = "Xcode 3.2";
			developmentRegion = English;
			hasScannedForEncodings = 1;
			knownRegions = (
				English,
				Japanese,
				French,
				German,
			);
			mainGroup = 29B97314FDCFA39411CA2CEA /* MiniBrowser */;
			projectDirPath = "";
			projectRoot = "";
			targets = (
				8D1107260486CEB800E47090 /* MokoMaze */,
			);
		};
/* End PBXProject section */

/* Begin PBXResourcesBuildPhase section */
		8D1107290486CEB800E47090 /* Resources */ = {
			isa = PBXResourcesBuildPhase;
			buildActionMask = 2147483647;
			files = (
				EEA3D345208B25A9004CB227 /* qtmaze.html in Resources */,
				EEA3D33F208B25A9004CB227 /* COPYING in Resources */,
				EEA3D34C208B25A9004CB227 /* desk.png in Resources */,
				EEA3D34E208B25A9004CB227 /* hole.png in Resources */,
				8D11072A0486CEB800E47090 /* MainMenu.nib in Resources */,
				EEA3D359208B25A9004CB227 /* wall.png in Resources */,
				EEA3D352208B25A9004CB227 /* prev-i.png in Resources */,
				EEA3D358208B25A9004CB227 /* reset.png in Resources */,
				EEA3D356208B25A9004CB227 /* reset-i.png in Resources */,
				EEA3D355208B25A9004CB227 /* qtmaze.png in Resources */,
				EEA3D349208B25A9004CB227 /* ball-shadow.png in Resources */,
				EEA3D34B208B25A9004CB227 /* close.png in Resources */,
				EEA3D350208B25A9004CB227 /* next-p.png in Resources */,
				EEA3D34F208B25A9004CB227 /* next-i.png in Resources */,
				EEA3D357208B25A9004CB227 /* reset-p.png in Resources */,
				EEA3D34A208B25A9004CB227 /* ball.png in Resources */,
				EEA3D34D208B25A9004CB227 /* fin.png in Resources */,
				EEA3D351208B25A9004CB227 /* next.png in Resources */,
				EEA3D35D208B25AA004CB227 /* README in Resources */,
				8D11072B0486CEB800E47090 /* InfoPlist.strings in Resources */,
				EEA3D354208B25A9004CB227 /* prev.png in Resources */,
				EEA3D353208B25A9004CB227 /* prev-p.png in Resources */,
				EEA3D341208B25A9004CB227 /* main.levelpack.json in Resources */,
			);
			runOnlyForDeploymentPostprocessing = 0;
		};
/* End PBXResourcesBuildPhase section */

/* Begin PBXShellScriptBuildPhase section */
		EE4C2E5F0B87386C0027F725 /* ShellScript */ = {
			isa = PBXShellScriptBuildPhase;
			buildActionMask = 2147483647;
			files = (
			);
			inputPaths = (
			);
			outputPaths = (
			);
			runOnlyForDeploymentPostprocessing = 0;
			shellPath = /bin/sh;
			shellScript = ./MokoMaze.qcodeproj;
		};
/* End PBXShellScriptBuildPhase section */

/* Begin PBXSourcesBuildPhase section */
		8D11072C0486CEB800E47090 /* Sources */ = {
			isa = PBXSourcesBuildPhase;
			buildActionMask = 2147483647;
			files = (
				EEA3D342208B25A9004CB227 /* form.m in Sources */,
				EEA3D347208B25A9004CB227 /* main.m in Sources */,
				EEA3D348208B25A9004CB227 /* paramsloader.m in Sources */,
				EEA3D35E208B25AA004CB227 /* renderarea.m in Sources */,
				EEA3D360208B25AA004CB227 /* vibro.m in Sources */,
			);
			runOnlyForDeploymentPostprocessing = 0;
		};
/* End PBXSourcesBuildPhase section */

/* Begin PBXVariantGroup section */
		089C165CFE840E0CC02AAC07 /* InfoPlist.strings */ = {
			isa = PBXVariantGroup;
			children = (
				089C165DFE840E0CC02AAC07 /* English */,
			);
			name = InfoPlist.strings;
			sourceTree = "<group>";
		};
		29B97318FDCFA39411CA2CEA /* MainMenu.nib */ = {
			isa = PBXVariantGroup;
			children = (
				29B97319FDCFA39411CA2CEA /* English */,
			);
			name = MainMenu.nib;
			sourceTree = "<group>";
		};
/* End PBXVariantGroup section */

/* Begin XCBuildConfiguration section */
		149C297A08902C52008A9EFC /* Debug */ = {
			isa = XCBuildConfiguration;
			buildSettings = {
				COPY_PHASE_STRIP = NO;
				GCC_DYNAMIC_NO_PIC = NO;
				GCC_ENABLE_FIX_AND_CONTINUE = YES;
				GCC_MODEL_TUNING = G5;
				GCC_OPTIMIZATION_LEVEL = 0;
				GCC_PRECOMPILE_PREFIX_HEADER = NO;
				GCC_PREFIX_HEADER = "";
				GCC_VERSION = "";
				INFOPLIST_FILE = Info.plist;
				INSTALL_PATH = "$(HOME)/Applications";
				PRECOMPS_INCLUDE_HEADERS_FROM_BUILT_PRODUCTS_DIR = NO;
				PRODUCT_NAME = MokoMaze;
				WRAPPER_EXTENSION = app;
				ZERO_LINK = YES;
			};
			name = Debug;
		};
		149C297B08902C52008A9EFC /* Release */ = {
			isa = XCBuildConfiguration;
			buildSettings = {
				GCC_GENERATE_DEBUGGING_SYMBOLS = NO;
				GCC_MODEL_TUNING = G5;
				GCC_PRECOMPILE_PREFIX_HEADER = NO;
				GCC_PREFIX_HEADER = "";
				GCC_VERSION = "";
				INFOPLIST_FILE = Info.plist;
				INSTALL_PATH = "$(HOME)/Applications";
				PRECOMPS_INCLUDE_HEADERS_FROM_BUILT_PRODUCTS_DIR = NO;
				PRODUCT_NAME = MokoMaze;
				WRAPPER_EXTENSION = app;
			};
			name = Release;
		};
		149C297E08902C52008A9EFC /* Debug */ = {
			isa = XCBuildConfiguration;
			buildSettings = {
				CLANG_ANALYZER_LOCALIZABILITY_NONLOCALIZED = YES;
				CLANG_WARN_BOOL_CONVERSION = YES;
				CLANG_WARN_CONSTANT_CONVERSION = YES;
				CLANG_WARN_EMPTY_BODY = YES;
				CLANG_WARN_ENUM_CONVERSION = YES;
				CLANG_WARN_INFINITE_RECURSION = YES;
				CLANG_WARN_INT_CONVERSION = YES;
				CLANG_WARN_SUSPICIOUS_MOVE = YES;
				CLANG_WARN_UNREACHABLE_CODE = YES;
				CLANG_WARN__DUPLICATE_METHOD_MATCH = YES;
				ENABLE_STRICT_OBJC_MSGSEND = YES;
				ENABLE_TESTABILITY = YES;
				GCC_NO_COMMON_BLOCKS = YES;
				GCC_WARN_64_TO_32_BIT_CONVERSION = YES;
				GCC_WARN_ABOUT_RETURN_TYPE = YES;
				GCC_WARN_UNDECLARED_SELECTOR = YES;
				GCC_WARN_UNINITIALIZED_AUTOS = YES;
				GCC_WARN_UNUSED_FUNCTION = YES;
				GCC_WARN_UNUSED_VARIABLE = YES;
				MACOSX_DEPLOYMENT_TARGET = 10.6;
				ONLY_ACTIVE_ARCH = YES;
				PREBINDING = NO;
				PRECOMPS_INCLUDE_HEADERS_FROM_BUILT_PRODUCTS_DIR = YES;
				SDKROOT = macosx;
			};
			name = Debug;
		};
		149C297F08902C52008A9EFC /* Release */ = {
			isa = XCBuildConfiguration;
			buildSettings = {
				CLANG_ANALYZER_LOCALIZABILITY_NONLOCALIZED = YES;
				CLANG_WARN_BOOL_CONVERSION = YES;
				CLANG_WARN_CONSTANT_CONVERSION = YES;
				CLANG_WARN_EMPTY_BODY = YES;
				CLANG_WARN_ENUM_CONVERSION = YES;
				CLANG_WARN_INFINITE_RECURSION = YES;
				CLANG_WARN_INT_CONVERSION = YES;
				CLANG_WARN_SUSPICIOUS_MOVE = YES;
				CLANG_WARN_UNREACHABLE_CODE = YES;
				CLANG_WARN__DUPLICATE_METHOD_MATCH = YES;
				ENABLE_STRICT_OBJC_MSGSEND = YES;
				GCC_NO_COMMON_BLOCKS = YES;
				GCC_WARN_64_TO_32_BIT_CONVERSION = YES;
				GCC_WARN_ABOUT_RETURN_TYPE = YES;
				GCC_WARN_UNDECLARED_SELECTOR = YES;
				GCC_WARN_UNINITIALIZED_AUTOS = YES;
				GCC_WARN_UNUSED_FUNCTION = YES;
				GCC_WARN_UNUSED_VARIABLE = YES;
				MACOSX_DEPLOYMENT_TARGET = 10.6;
				PREBINDING = NO;
				PRECOMPS_INCLUDE_HEADERS_FROM_BUILT_PRODUCTS_DIR = YES;
				SDKROOT = macosx;
			};
			name = Release;
		};
/* End XCBuildConfiguration section */

/* Begin XCConfigurationList section */
		149C297908902C52008A9EFC /* Build configuration list for PBXNativeTarget "MokoMaze" */ = {
			isa = XCConfigurationList;
			buildConfigurations = (
				149C297A08902C52008A9EFC /* Debug */,
				149C297B08902C52008A9EFC /* Release */,
			);
			defaultConfigurationIsVisible = 0;
			defaultConfigurationName = Release;
		};
		149C297D08902C52008A9EFC /* Build configuration list for PBXProject "MokoMaze" */ = {
			isa = XCConfigurationList;
			buildConfigurations = (
				149C297E08902C52008A9EFC /* Debug */,
				149C297F08902C52008A9EFC /* Release */,
			);
			defaultConfigurationIsVisible = 0;
			defaultConfigurationName = Release;
		};
/* End XCConfigurationList section */
	};
	rootObject = 29B97313FDCFA39411CA2CEA /* Project object */;
}
